
Microsoft Visual Studio Solution File, Format Version 12.00
# Visual Studio Version 17
VisualStudioVersion = 17.10.35027.167
MinimumVisualStudioVersion = 10.0.40219.1
Project("{FAE04EC0-301F-11D3-BF4B-00C04F79EFBC}") = "ReflectionHomework", "ReflectionHomework.csproj", "{3E7BEC5E-951A-4983-935B-FAE4E4AE11E0}"
EndProject
Project("{FAE04EC0-301F-11D3-BF4B-00C04F79EFBC}") = "ReflectionHomework.DosyaYapısı", "..\ReflectionHomework.DosyaYapısı\ReflectionHomework.DosyaYapısı.csproj", "{BC933B8D-5BAB-4324-8E01-3C8502EB4122}"
EndProject
Global
	GlobalSection(SolutionConfigurationPlatforms) = preSolution
		Debug|Any CPU = Debug|Any CPU
		Release|Any CPU = Release|Any CPU
	EndGlobalSection
	GlobalSection(ProjectConfigurationPlatforms) = postSolution
		{3E7BEC5E-951A-4983-935B-FAE4E4AE11E0}.Debug|Any CPU.ActiveCfg = Debug|Any CPU
		{3E7BEC5E-951A-4983-935B-FAE4E4AE11E0}.Debug|Any CPU.Build.0 = Debug|Any CPU
		{3E7BEC5E-951A-4983-935B-FAE4E4AE11E0}.Release|Any CPU.ActiveCfg = Release|Any CPU
		{3E7BEC5E-951A-4983-935B-FAE4E4AE11E0}.Release|Any CPU.Build.0 = Release|Any CPU
		{BC933B8D-5BAB-4324-8E01-3C8502EB4122}.Debug|Any CPU.ActiveCfg = Debug|Any CPU
		{BC933B8D-5BAB-4324-8E01-3C8502EB4122}.Debug|Any CPU.Build.0 = Debug|Any CPU
		{BC933B8D-5BAB-4324-8E01-3C8502EB4122}.Release|Any CPU.ActiveCfg = Release|Any CPU
		{BC933B8D-5BAB-4324-8E01-3C8502EB4122}.Release|Any CPU.Build.0 = Release|Any CPU
	EndGlobalSection
	GlobalSection(SolutionProperties) = preSolution
		HideSolutionNode = FALSE
	EndGlobalSection
	GlobalSection(ExtensibilityGlobals) = postSolution
		SolutionGuid = {4CEE166E-BE26-4DA9-9DAA-A7CB9EAA2781}
	EndGlobalSection
EndGlobal
